{
  "name": "coeus",
  "lockfileVersion": 3,
  "requires": true,
  "packages": {
    "": {
      "dependencies": {
        "anypicker": "^2.0.9"
      }
    },
    "node_modules/anypicker": {
      "version": "2.0.9",
      "resolved": "https://registry.npmjs.org/anypicker/-/anypicker-2.0.9.tgz",
      "integrity": "sha512-uqtTk+hgap1qo5AkARpVkByMhd1q8bZAOvNNiTXeZnsS0DzaQm82SEkUWLFysnD5NtyboHZb+xbYgd2G8cTYXw==",
      "license": "MIT",
      "peerDependencies": {
        "jquery": ">=1.0.0"
      }
    },
    "node_modules/jquery": {
      "version": "3.7.1",
      "resolved": "https://registry.npmjs.org/jquery/-/jquery-3.7.1.tgz",
      "integrity": "sha512-m4avr8yL8kmFN8psrbFFFmB/If14iN5o9nw/NgnnM+kybDJpRsAynV2BsfpTYrTRysYUdADVD7CkUUizgkpLfg==",
      "license": "MIT",
      "peer": true
    }
  }
}
